Microsoft Visual Studio Solution File, Format Version 12.00
# Visual Studio Version 17
VisualStudioVersion = 17.5.2.0
MinimumVisualStudioVersion = 10.0.40219.1
Project("{FAE04EC0-301F-11D3-BF4B-00C04F79EFBC}") = "dna", "dna.csproj", "{EAB7A90F-EC03-1BA4-3BC0-589A1A4DD39B}"
EndProject
Global
	GlobalSection(SolutionConfigurationPlatforms) = preSolution
		Debug|Any CPU = Debug|Any CPU
		Release|Any CPU = Release|Any CPU
	EndGlobalSection
	GlobalSection(ProjectConfigurationPlatforms) = postSolution
		{EAB7A90F-EC03-1BA4-3BC0-589A1A4DD39B}.Debug|Any CPU.ActiveCfg = Debug|Any CPU
		{EAB7A90F-EC03-1BA4-3BC0-589A1A4DD39B}.Debug|Any CPU.Build.0 = Debug|Any CPU
		{EAB7A90F-EC03-1BA4-3BC0-589A1A4DD39B}.Release|Any CPU.ActiveCfg = Release|Any CPU
		{EAB7A90F-EC03-1BA4-3BC0-589A1A4DD39B}.Release|Any CPU.Build.0 = Release|Any CPU
	EndGlobalSection
	GlobalSection(SolutionProperties) = preSolution
		HideSolutionNode = FALSE
	EndGlobalSection
	GlobalSection(ExtensibilityGlobals) = postSolution
		SolutionGuid = {7450155D-5222-476C-9DC2-D3387A8041B4}
	EndGlobalSection
EndGlobal
